
Microsoft Visual Studio Solution File, Format Version 12.00
# Visual Studio 14
VisualStudioVersion = 14.0.25420.1
MinimumVisualStudioVersion = 10.0.40219.1
Project("{F184B08F-C81C-45F6-A57F-5ABD9991F28F}") = "CheckBook", "CheckBook\CheckBook.vbproj", "{4FD83DDC-A8F7-44E1-87B4-C12366D6468D}"
EndProject
Project("{F184B08F-C81C-45F6-A57F-5ABD9991F28F}") = "CheckBookLib", "CheckBookLib\CheckBookLib.vbproj", "{73A968C7-281A-45DC-8360-2E44B3C9510B}"
EndProject
Project("{F184B08F-C81C-45F6-A57F-5ABD9991F28F}") = "UnitTests", "UnitTests\UnitTests.vbproj", "{95760BD6-36BF-4F48-99AB-0AADEF68FD91}"
EndProject
Project("{F184B08F-C81C-45F6-A57F-5ABD9991F28F}") = "Documentation", "Documentation\Documentation.vbproj", "{7CD0BEEA-4FCA-448C-A034-BC66C8B4D18A}"
EndProject
Global
	GlobalSection(SolutionConfigurationPlatforms) = preSolution
		Debug|Any CPU = Debug|Any CPU
		Release|Any CPU = Release|Any CPU
	EndGlobalSection
	GlobalSection(ProjectConfigurationPlatforms) = postSolution
		{4FD83DDC-A8F7-44E1-87B4-C12366D6468D}.Debug|Any CPU.ActiveCfg = Debug|Any CPU
		{4FD83DDC-A8F7-44E1-87B4-C12366D6468D}.Debug|Any CPU.Build.0 = Debug|Any CPU
		{4FD83DDC-A8F7-44E1-87B4-C12366D6468D}.Release|Any CPU.ActiveCfg = Release|Any CPU
		{4FD83DDC-A8F7-44E1-87B4-C12366D6468D}.Release|Any CPU.Build.0 = Release|Any CPU
		{73A968C7-281A-45DC-8360-2E44B3C9510B}.Debug|Any CPU.ActiveCfg = Debug|Any CPU
		{73A968C7-281A-45DC-8360-2E44B3C9510B}.Debug|Any CPU.Build.0 = Debug|Any CPU
		{73A968C7-281A-45DC-8360-2E44B3C9510B}.Release|Any CPU.ActiveCfg = Release|Any CPU
		{73A968C7-281A-45DC-8360-2E44B3C9510B}.Release|Any CPU.Build.0 = Release|Any CPU
		{95760BD6-36BF-4F48-99AB-0AADEF68FD91}.Debug|Any CPU.ActiveCfg = Debug|Any CPU
		{95760BD6-36BF-4F48-99AB-0AADEF68FD91}.Debug|Any CPU.Build.0 = Debug|Any CPU
		{95760BD6-36BF-4F48-99AB-0AADEF68FD91}.Release|Any CPU.ActiveCfg = Release|Any CPU
		{95760BD6-36BF-4F48-99AB-0AADEF68FD91}.Release|Any CPU.Build.0 = Release|Any CPU
		{7CD0BEEA-4FCA-448C-A034-BC66C8B4D18A}.Debug|Any CPU.ActiveCfg = Debug|Any CPU
		{7CD0BEEA-4FCA-448C-A034-BC66C8B4D18A}.Debug|Any CPU.Build.0 = Debug|Any CPU
		{7CD0BEEA-4FCA-448C-A034-BC66C8B4D18A}.Release|Any CPU.ActiveCfg = Release|Any CPU
		{7CD0BEEA-4FCA-448C-A034-BC66C8B4D18A}.Release|Any CPU.Build.0 = Release|Any CPU
	EndGlobalSection
	GlobalSection(SolutionProperties) = preSolution
		HideSolutionNode = FALSE
	EndGlobalSection
EndGlobal
