
Microsoft Visual Studio Solution File, Format Version 12.00
# Visual Studio Version 16
VisualStudioVersion = 16.0.29806.167
MinimumVisualStudioVersion = 10.0.40219.1
Project("{F184B08F-C81C-45F6-A57F-5ABD9991F28F}") = "CheckBook", "CheckBook\CheckBook.vbproj", "{4FD83DDC-A8F7-44E1-87B4-C12366D6468D}"
EndProject
Project("{F184B08F-C81C-45F6-A57F-5ABD9991F28F}") = "CheckBookLib", "CheckBookLib\CheckBookLib.vbproj", "{73A968C7-281A-45DC-8360-2E44B3C9510B}"
EndProject
Project("{F184B08F-C81C-45F6-A57F-5ABD9991F28F}") = "UnitTests", "UnitTests\UnitTests.vbproj", "{95760BD6-36BF-4F48-99AB-0AADEF68FD91}"
EndProject
Project("{FAE04EC0-301F-11D3-BF4B-00C04F79EFBC}") = "BudgetDashboard", "BudgetDashboard\BudgetDashboard.csproj", "{050728F0-3AAD-42FB-A8A8-9E23A5DC4D0E}"
EndProject
Project("{F184B08F-C81C-45F6-A57F-5ABD9991F28F}") = "ImportPlugins", "ImportPlugins\ImportPlugins.vbproj", "{67BC9967-B09A-4A5A-9BF5-40C9C9AF79EF}"
EndProject
Project("{FAE04EC0-301F-11D3-BF4B-00C04F79EFBC}") = "GeneralPlugins", "GeneralPlugins\GeneralPlugins.csproj", "{02D39D1B-A3EE-4721-83BF-CA8812985006}"
EndProject
Project("{F184B08F-C81C-45F6-A57F-5ABD9991F28F}") = "PluginCore", "PluginCore\PluginCore.vbproj", "{DF8C4177-36C2-414D-A363-09C33CB56FD4}"
EndProject
Project("{F184B08F-C81C-45F6-A57F-5ABD9991F28F}") = "PersistTools", "PersistTools\PersistTools.vbproj", "{00F98CA0-114A-4A84-B093-D6B88D7DE686}"
EndProject
Project("{54435603-DBB4-11D2-8724-00A0C9A8B90C}") = "CheckBookSetup", "CheckBookSetup\CheckBookSetup.vdproj", "{794386CF-6A22-45CA-867D-16660CAE285E}"
EndProject
Global
	GlobalSection(SolutionConfigurationPlatforms) = preSolution
		Debug|Any CPU = Debug|Any CPU
		Release|Any CPU = Release|Any CPU
	EndGlobalSection
	GlobalSection(ProjectConfigurationPlatforms) = postSolution
		{4FD83DDC-A8F7-44E1-87B4-C12366D6468D}.Debug|Any CPU.ActiveCfg = Debug|Any CPU
		{4FD83DDC-A8F7-44E1-87B4-C12366D6468D}.Debug|Any CPU.Build.0 = Debug|Any CPU
		{4FD83DDC-A8F7-44E1-87B4-C12366D6468D}.Release|Any CPU.ActiveCfg = Release|Any CPU
		{4FD83DDC-A8F7-44E1-87B4-C12366D6468D}.Release|Any CPU.Build.0 = Release|Any CPU
		{73A968C7-281A-45DC-8360-2E44B3C9510B}.Debug|Any CPU.ActiveCfg = Debug|Any CPU
		{73A968C7-281A-45DC-8360-2E44B3C9510B}.Debug|Any CPU.Build.0 = Debug|Any CPU
		{73A968C7-281A-45DC-8360-2E44B3C9510B}.Release|Any CPU.ActiveCfg = Release|Any CPU
		{73A968C7-281A-45DC-8360-2E44B3C9510B}.Release|Any CPU.Build.0 = Release|Any CPU
		{95760BD6-36BF-4F48-99AB-0AADEF68FD91}.Debug|Any CPU.ActiveCfg = Debug|Any CPU
		{95760BD6-36BF-4F48-99AB-0AADEF68FD91}.Debug|Any CPU.Build.0 = Debug|Any CPU
		{95760BD6-36BF-4F48-99AB-0AADEF68FD91}.Release|Any CPU.ActiveCfg = Release|Any CPU
		{95760BD6-36BF-4F48-99AB-0AADEF68FD91}.Release|Any CPU.Build.0 = Release|Any CPU
		{050728F0-3AAD-42FB-A8A8-9E23A5DC4D0E}.Debug|Any CPU.ActiveCfg = Debug|Any CPU
		{050728F0-3AAD-42FB-A8A8-9E23A5DC4D0E}.Debug|Any CPU.Build.0 = Debug|Any CPU
		{050728F0-3AAD-42FB-A8A8-9E23A5DC4D0E}.Release|Any CPU.ActiveCfg = Release|Any CPU
		{050728F0-3AAD-42FB-A8A8-9E23A5DC4D0E}.Release|Any CPU.Build.0 = Release|Any CPU
		{67BC9967-B09A-4A5A-9BF5-40C9C9AF79EF}.Debug|Any CPU.ActiveCfg = Debug|Any CPU
		{67BC9967-B09A-4A5A-9BF5-40C9C9AF79EF}.Debug|Any CPU.Build.0 = Debug|Any CPU
		{67BC9967-B09A-4A5A-9BF5-40C9C9AF79EF}.Release|Any CPU.ActiveCfg = Release|Any CPU
		{67BC9967-B09A-4A5A-9BF5-40C9C9AF79EF}.Release|Any CPU.Build.0 = Release|Any CPU
		{02D39D1B-A3EE-4721-83BF-CA8812985006}.Debug|Any CPU.ActiveCfg = Debug|Any CPU
		{02D39D1B-A3EE-4721-83BF-CA8812985006}.Debug|Any CPU.Build.0 = Debug|Any CPU
		{02D39D1B-A3EE-4721-83BF-CA8812985006}.Release|Any CPU.ActiveCfg = Release|Any CPU
		{02D39D1B-A3EE-4721-83BF-CA8812985006}.Release|Any CPU.Build.0 = Release|Any CPU
		{DF8C4177-36C2-414D-A363-09C33CB56FD4}.Debug|Any CPU.ActiveCfg = Debug|Any CPU
		{DF8C4177-36C2-414D-A363-09C33CB56FD4}.Debug|Any CPU.Build.0 = Debug|Any CPU
		{DF8C4177-36C2-414D-A363-09C33CB56FD4}.Release|Any CPU.ActiveCfg = Release|Any CPU
		{DF8C4177-36C2-414D-A363-09C33CB56FD4}.Release|Any CPU.Build.0 = Release|Any CPU
		{00F98CA0-114A-4A84-B093-D6B88D7DE686}.Debug|Any CPU.ActiveCfg = Debug|Any CPU
		{00F98CA0-114A-4A84-B093-D6B88D7DE686}.Debug|Any CPU.Build.0 = Debug|Any CPU
		{00F98CA0-114A-4A84-B093-D6B88D7DE686}.Release|Any CPU.ActiveCfg = Release|Any CPU
		{00F98CA0-114A-4A84-B093-D6B88D7DE686}.Release|Any CPU.Build.0 = Release|Any CPU
		{794386CF-6A22-45CA-867D-16660CAE285E}.Debug|Any CPU.ActiveCfg = Debug
		{794386CF-6A22-45CA-867D-16660CAE285E}.Release|Any CPU.ActiveCfg = Release
	EndGlobalSection
	GlobalSection(SolutionProperties) = preSolution
		HideSolutionNode = FALSE
	EndGlobalSection
	GlobalSection(ExtensibilityGlobals) = postSolution
		SolutionGuid = {E6660C9A-DF46-4A67-8EF3-EEA1992FA955}
	EndGlobalSection
EndGlobal
